// !$*UTF8*$!
{
	archiveVersion = 1;
	classes = {
	};
	objectVersion = 55;
	objects = {

/* Begin PBXBuildFile section */
		9DE7898D2742A9FF008CC688 /* Tests_iOS.swift in Sources */ = {isa = PBXBuildFile; fileRef = 9DE7898C2742A9FF008CC688 /* Tests_iOS.swift */; };
		9DE7898F2742A9FF008CC688 /* Tests_iOSLaunchTests.swift in Sources */ = {isa = PBXBuildFile; fileRef = 9DE7898E2742A9FF008CC688 /* Tests_iOSLaunchTests.swift */; };
		9DE789992742A9FF008CC688 /* Tests_macOS.swift in Sources */ = {isa = PBXBuildFile; fileRef = 9DE789982742A9FF008CC688 /* Tests_macOS.swift */; };
		9DE7899B2742A9FF008CC688 /* Tests_macOSLaunchTests.swift in Sources */ = {isa = PBXBuildFile; fileRef = 9DE7899A2742A9FF008CC688 /* Tests_macOSLaunchTests.swift */; };
		9DE7899C2742A9FF008CC688 /* SetApp.swift in Sources */ = {isa = PBXBuildFile; fileRef = 9DE789742742A9FC008CC688 /* SetApp.swift */; };
		9DE7899D2742A9FF008CC688 /* SetApp.swift in Sources */ = {isa = PBXBuildFile; fileRef = 9DE789742742A9FC008CC688 /* SetApp.swift */; };
		9DE7899E2742A9FF008CC688 /* ContentView.swift in Sources */ = {isa = PBXBuildFile; fileRef = 9DE789752742A9FC008CC688 /* ContentView.swift */; };
		9DE7899F2742A9FF008CC688 /* ContentView.swift in Sources */ = {isa = PBXBuildFile; fileRef = 9DE789752742A9FC008CC688 /* ContentView.swift */; };
		9DE789A02742A9FF008CC688 /* Assets.xcassets in Resources */ = {isa = PBXBuildFile; fileRef = 9DE789762742A9FF008CC688 /* Assets.xcassets */; };
		9DE789A12742A9FF008CC688 /* Assets.xcassets in Resources */ = {isa = PBXBuildFile; fileRef = 9DE789762742A9FF008CC688 /* Assets.xcassets */; };
		9DE789B52742C70A008CC688 /* GameViewModel.swift in Sources */ = {isa = PBXBuildFile; fileRef = 9DE789B42742C70A008CC688 /* GameViewModel.swift */; };
		9DE789B62742C71E008CC688 /* GameViewModel.swift in Sources */ = {isa = PBXBuildFile; fileRef = 9DE789B42742C70A008CC688 /* GameViewModel.swift */; };
		9DE789BA2742C765008CC688 /* GameState.swift in Sources */ = {isa = PBXBuildFile; fileRef = 9DE789B82742C765008CC688 /* GameState.swift */; };
		9DE789BB2742C765008CC688 /* CardPack.swift in Sources */ = {isa = PBXBuildFile; fileRef = 9DE789B92742C765008CC688 /* CardPack.swift */; };
		9DE789BD2742C788008CC688 /* SimpleTimer.swift in Sources */ = {isa = PBXBuildFile; fileRef = 9DE789BC2742C788008CC688 /* SimpleTimer.swift */; };
		9DE789C22742C7A0008CC688 /* AspectVGrid.swift in Sources */ = {isa = PBXBuildFile; fileRef = 9DE789BE2742C7A0008CC688 /* AspectVGrid.swift */; };
		9DE789C32742C7A0008CC688 /* GameView.swift in Sources */ = {isa = PBXBuildFile; fileRef = 9DE789BF2742C7A0008CC688 /* GameView.swift */; };
		9DE789C42742C7A0008CC688 /* Demos.swift in Sources */ = {isa = PBXBuildFile; fileRef = 9DE789C02742C7A0008CC688 /* Demos.swift */; };
		9DE789C52742C7A0008CC688 /* CardView.swift in Sources */ = {isa = PBXBuildFile; fileRef = 9DE789C12742C7A0008CC688 /* CardView.swift */; };
		9DE789C62742C7AD008CC688 /* CardPack.swift in Sources */ = {isa = PBXBuildFile; fileRef = 9DE789B92742C765008CC688 /* CardPack.swift */; };
		9DE789C72742C7B2008CC688 /* GameState.swift in Sources */ = {isa = PBXBuildFile; fileRef = 9DE789B82742C765008CC688 /* GameState.swift */; };
		9DE789C82742C7B6008CC688 /* SimpleTimer.swift in Sources */ = {isa = PBXBuildFile; fileRef = 9DE789BC2742C788008CC688 /* SimpleTimer.swift */; };
		9DE789C92742C7B9008CC688 /* AspectVGrid.swift in Sources */ = {isa = PBXBuildFile; fileRef = 9DE789BE2742C7A0008CC688 /* AspectVGrid.swift */; };
		9DE789CA2742C7BC008CC688 /* CardView.swift in Sources */ = {isa = PBXBuildFile; fileRef = 9DE789C12742C7A0008CC688 /* CardView.swift */; };
		9DE789CB2742C7C0008CC688 /* Demos.swift in Sources */ = {isa = PBXBuildFile; fileRef = 9DE789C02742C7A0008CC688 /* Demos.swift */; };
		9DE789CC2742C7C4008CC688 /* GameView.swift in Sources */ = {isa = PBXBuildFile; fileRef = 9DE789BF2742C7A0008CC688 /* GameView.swift */; };
		9DE789CF2742C874008CC688 /* rfSwiftUI in Frameworks */ = {isa = PBXBuildFile; productRef = 9DE789CE2742C874008CC688 /* rfSwiftUI */; };
		9DE789D32742C8F1008CC688 /* rfSwiftUI in Frameworks */ = {isa = PBXBuildFile; productRef = 9DE789D22742C8F1008CC688 /* rfSwiftUI */; };
		9DE789D62742C96A008CC688 /* Seven Segment.ttf in Resources */ = {isa = PBXBuildFile; fileRef = 9DE789D52742C96A008CC688 /* Seven Segment.ttf */; };
		9DE789DA2742D25B008CC688 /* README.md in Resources */ = {isa = PBXBuildFile; fileRef = 9DE789D92742D25B008CC688 /* README.md */; };
/* End PBXBuildFile section */

/* Begin PBXContainerItemProxy section */
		9DE789892742A9FF008CC688 /* PBXContainerItemProxy */ = {
			isa = PBXContainerItemProxy;
			containerPortal = 9DE7896F2742A9FC008CC688 /* Project object */;
			proxyType = 1;
			remoteGlobalIDString = 9DE7897A2742A9FF008CC688;
			remoteInfo = "Set (iOS)";
		};
		9DE789952742A9FF008CC688 /* PBXContainerItemProxy */ = {
			isa = PBXContainerItemProxy;
			containerPortal = 9DE7896F2742A9FC008CC688 /* Project object */;
			proxyType = 1;
			remoteGlobalIDString = 9DE789802742A9FF008CC688;
			remoteInfo = "Set (macOS)";
		};
/* End PBXContainerItemProxy section */

/* Begin PBXFileReference section */
		9DE789742742A9FC008CC688 /* SetApp.swift */ = {isa = PBXFileReference; lastKnownFileType = sourcecode.swift; path = SetApp.swift; sourceTree = "<group>"; };
		9DE789752742A9FC008CC688 /* ContentView.swift */ = {isa = PBXFileReference; lastKnownFileType = sourcecode.swift; path = ContentView.swift; sourceTree = "<group>"; };
		9DE789762742A9FF008CC688 /* Assets.xcassets */ = {isa = PBXFileReference; lastKnownFileType = folder.assetcatalog; path = Assets.xcassets; sourceTree = "<group>"; };
		9DE7897B2742A9FF008CC688 /* Set.app */ = {isa = PBXFileReference; explicitFileType = wrapper.application; includeInIndex = 0; path = Set.app; sourceTree = BUILT_PRODUCTS_DIR; };
		9DE789812742A9FF008CC688 /* Set.app */ = {isa = PBXFileReference; explicitFileType = wrapper.application; includeInIndex = 0; path = Set.app; sourceTree = BUILT_PRODUCTS_DIR; };
		9DE789832742A9FF008CC688 /* macOS.entitlements */ = {isa = PBXFileReference; lastKnownFileType = text.plist.entitlements; path = macOS.entitlements; sourceTree = "<group>"; };
		9DE789882742A9FF008CC688 /* Tests iOS.xctest */ = {isa = PBXFileReference; explicitFileType = wrapper.cfbundle; includeInIndex = 0; path = "Tests iOS.xctest"; sourceTree = BUILT_PRODUCTS_DIR; };
		9DE7898C2742A9FF008CC688 /* Tests_iOS.swift */ = {isa = PBXFileReference; lastKnownFileType = sourcecode.swift; path = Tests_iOS.swift; sourceTree = "<group>"; };
		9DE7898E2742A9FF008CC688 /* Tests_iOSLaunchTests.swift */ = {isa = PBXFileReference; lastKnownFileType = sourcecode.swift; path = Tests_iOSLaunchTests.swift; sourceTree = "<group>"; };
		9DE789942742A9FF008CC688 /* Tests macOS.xctest */ = {isa = PBXFileReference; explicitFileType = wrapper.cfbundle; includeInIndex = 0; path = "Tests macOS.xctest"; sourceTree = BUILT_PRODUCTS_DIR; };
		9DE789982742A9FF008CC688 /* Tests_macOS.swift */ = {isa = PBXFileReference; lastKnownFileType = sourcecode.swift; path = Tests_macOS.swift; sourceTree = "<group>"; };
		9DE7899A2742A9FF008CC688 /* Tests_macOSLaunchTests.swift */ = {isa = PBXFileReference; lastKnownFileType = sourcecode.swift; path = Tests_macOSLaunchTests.swift; sourceTree = "<group>"; };
		9DE789B42742C70A008CC688 /* GameViewModel.swift */ = {isa = PBXFileReference; fileEncoding = 4; lastKnownFileType = sourcecode.swift; path = GameViewModel.swift; sourceTree = "<group>"; };
		9DE789B82742C765008CC688 /* GameState.swift */ = {isa = PBXFileReference; fileEncoding = 4; lastKnownFileType = sourcecode.swift; path = GameState.swift; sourceTree = "<group>"; };
		9DE789B92742C765008CC688 /* CardPack.swift */ = {isa = PBXFileReference; fileEncoding = 4; lastKnownFileType = sourcecode.swift; path = CardPack.swift; sourceTree = "<group>"; };
		9DE789BC2742C788008CC688 /* SimpleTimer.swift */ = {isa = PBXFileReference; fileEncoding = 4; lastKnownFileType = sourcecode.swift; path = SimpleTimer.swift; sourceTree = "<group>"; };
		9DE789BE2742C7A0008CC688 /* AspectVGrid.swift */ = {isa = PBXFileReference; fileEncoding = 4; lastKnownFileType = sourcecode.swift; path = AspectVGrid.swift; sourceTree = "<group>"; };
		9DE789BF2742C7A0008CC688 /* GameView.swift */ = {isa = PBXFileReference; fileEncoding = 4; lastKnownFileType = sourcecode.swift; path = GameView.swift; sourceTree = "<group>"; };
		9DE789C02742C7A0008CC688 /* Demos.swift */ = {isa = PBXFileReference; fileEncoding = 4; lastKnownFileType = sourcecode.swift; path = Demos.swift; sourceTree = "<group>"; };
		9DE789C12742C7A0008CC688 /* CardView.swift */ = {isa = PBXFileReference; fileEncoding = 4; lastKnownFileType = sourcecode.swift; path = CardView.swift; sourceTree = "<group>"; };
		9DE789D02742C8D8008CC688 /* Set (iOS).entitlements */ = {isa = PBXFileReference; lastKnownFileType = text.plist.entitlements; path = "Set (iOS).entitlements"; sourceTree = "<group>"; };
		9DE789D52742C96A008CC688 /* Seven Segment.ttf */ = {isa = PBXFileReference; lastKnownFileType = file; path = "Seven Segment.ttf"; sourceTree = "<group>"; };
		9DE789D72742C9D0008CC688 /* Set--iOS--Info.plist */ = {isa = PBXFileReference; lastKnownFileType = text.plist.xml; path = "Set--iOS--Info.plist"; sourceTree = "<group>"; };
		9DE789D92742D25B008CC688 /* README.md */ = {isa = PBXFileReference; fileEncoding = 4; lastKnownFileType = net.daringfireball.markdown; path = README.md; sourceTree = "<group>"; };
/* End PBXFileReference section */

/* Begin PBXFrameworksBuildPhase section */
		9DE789782742A9FF008CC688 /* Frameworks */ = {
			isa = PBXFrameworksBuildPhase;
			buildActionMask = 2147483647;
			files = (
				9DE789CF2742C874008CC688 /* rfSwiftUI in Frameworks */,
			);
			runOnlyForDeploymentPostprocessing = 0;
		};
		9DE7897E2742A9FF008CC688 /* Frameworks */ = {
			isa = PBXFrameworksBuildPhase;
			buildActionMask = 2147483647;
			files = (
				9DE789D32742C8F1008CC688 /* rfSwiftUI in Frameworks */,
			);
			runOnlyForDeploymentPostprocessing = 0;
		};
		9DE789852742A9FF008CC688 /* Frameworks */ = {
			isa = PBXFrameworksBuildPhase;
			buildActionMask = 2147483647;
			files = (
			);
			runOnlyForDeploymentPostprocessing = 0;
		};
		9DE789912742A9FF008CC688 /* Frameworks */ = {
			isa = PBXFrameworksBuildPhase;
			buildActionMask = 2147483647;
			files = (
			);
			runOnlyForDeploymentPostprocessing = 0;
		};
/* End PBXFrameworksBuildPhase section */

/* Begin PBXGroup section */
		9DE7896E2742A9FC008CC688 = {
			isa = PBXGroup;
			children = (
				9DE789D92742D25B008CC688 /* README.md */,
				9DE789732742A9FC008CC688 /* Shared */,
				9DE789D82742CF71008CC688 /* iOS */,
				9DE789822742A9FF008CC688 /* macOS */,
				9DE7898B2742A9FF008CC688 /* Tests iOS */,
				9DE789972742A9FF008CC688 /* Tests macOS */,
				9DE7897C2742A9FF008CC688 /* Products */,
				9DE789D12742C8F1008CC688 /* Frameworks */,
			);
			sourceTree = "<group>";
		};
		9DE789732742A9FC008CC688 /* Shared */ = {
			isa = PBXGroup;
			children = (
				9DE789B02742AB96008CC688 /* App */,
				9DE789B72742C734008CC688 /* Model */,
				9DE789B32742C6BA008CC688 /* Util */,
				9DE789B22742C6B1008CC688 /* View */,
				9DE789B12742C6A7008CC688 /* ViewModel */,
			);
			path = Shared;
			sourceTree = "<group>";
		};
		9DE7897C2742A9FF008CC688 /* Products */ = {
			isa = PBXGroup;
			children = (
				9DE7897B2742A9FF008CC688 /* Set.app */,
				9DE789812742A9FF008CC688 /* Set.app */,
				9DE789882742A9FF008CC688 /* Tests iOS.xctest */,
				9DE789942742A9FF008CC688 /* Tests macOS.xctest */,
			);
			name = Products;
			sourceTree = "<group>";
		};
		9DE789822742A9FF008CC688 /* macOS */ = {
			isa = PBXGroup;
			children = (
				9DE789832742A9FF008CC688 /* macOS.entitlements */,
			);
			path = macOS;
			sourceTree = "<group>";
		};
		9DE7898B2742A9FF008CC688 /* Tests iOS */ = {
			isa = PBXGroup;
			children = (
				9DE7898C2742A9FF008CC688 /* Tests_iOS.swift */,
				9DE7898E2742A9FF008CC688 /* Tests_iOSLaunchTests.swift */,
			);
			path = "Tests iOS";
			sourceTree = "<group>";
		};
		9DE789972742A9FF008CC688 /* Tests macOS */ = {
			isa = PBXGroup;
			children = (
				9DE789982742A9FF008CC688 /* Tests_macOS.swift */,
				9DE7899A2742A9FF008CC688 /* Tests_macOSLaunchTests.swift */,
			);
			path = "Tests macOS";
			sourceTree = "<group>";
		};
		9DE789B02742AB96008CC688 /* App */ = {
			isa = PBXGroup;
			children = (
				9DE789D42742C925008CC688 /* Fonts */,
				9DE789742742A9FC008CC688 /* SetApp.swift */,
				9DE789752742A9FC008CC688 /* ContentView.swift */,
				9DE789762742A9FF008CC688 /* Assets.xcassets */,
			);
			path = App;
			sourceTree = "<group>";
		};
		9DE789B12742C6A7008CC688 /* ViewModel */ = {
			isa = PBXGroup;
			children = (
				9DE789B42742C70A008CC688 /* GameViewModel.swift */,
			);
			path = ViewModel;
			sourceTree = "<group>";
		};
		9DE789B22742C6B1008CC688 /* View */ = {
			isa = PBXGroup;
			children = (
				9DE789BE2742C7A0008CC688 /* AspectVGrid.swift */,
				9DE789C12742C7A0008CC688 /* CardView.swift */,
				9DE789C02742C7A0008CC688 /* Demos.swift */,
				9DE789BF2742C7A0008CC688 /* GameView.swift */,
			);
			path = View;
			sourceTree = "<group>";
		};
		9DE789B32742C6BA008CC688 /* Util */ = {
			isa = PBXGroup;
			children = (
				9DE789BC2742C788008CC688 /* SimpleTimer.swift */,
			);
			path = Util;
			sourceTree = "<group>";
		};
		9DE789B72742C734008CC688 /* Model */ = {
			isa = PBXGroup;
			children = (
				9DE789B92742C765008CC688 /* CardPack.swift */,
				9DE789B82742C765008CC688 /* GameState.swift */,
			);
			path = Model;
			sourceTree = "<group>";
		};
		9DE789D12742C8F1008CC688 /* Frameworks */ = {
			isa = PBXGroup;
			children = (
			);
			name = Frameworks;
			sourceTree = "<group>";
		};
		9DE789D42742C925008CC688 /* Fonts */ = {
			isa = PBXGroup;
			children = (
				9DE789D52742C96A008CC688 /* Seven Segment.ttf */,
			);
			path = Fonts;
			sourceTree = "<group>";
		};
		9DE789D82742CF71008CC688 /* iOS */ = {
			isa = PBXGroup;
			children = (
				9DE789D72742C9D0008CC688 /* Set--iOS--Info.plist */,
				9DE789D02742C8D8008CC688 /* Set (iOS).entitlements */,
			);
			path = iOS;
			sourceTree = "<group>";
		};
/* End PBXGroup section */

/* Begin PBXNativeTarget section */
		9DE7897A2742A9FF008CC688 /* Set (iOS) */ = {
			isa = PBXNativeTarget;
			buildConfigurationList = 9DE789A42742A9FF008CC688 /* Build configuration list for PBXNativeTarget "Set (iOS)" */;
			buildPhases = (
				9DE789772742A9FF008CC688 /* Sources */,
				9DE789782742A9FF008CC688 /* Frameworks */,
				9DE789792742A9FF008CC688 /* Resources */,
			);
			buildRules = (
			);
			dependencies = (
			);
			name = "Set (iOS)";
			packageProductDependencies = (
				9DE789CE2742C874008CC688 /* rfSwiftUI */,
			);
			productName = "Set (iOS)";
			productReference = 9DE7897B2742A9FF008CC688 /* Set.app */;
			productType = "com.apple.product-type.application";
		};
		9DE789802742A9FF008CC688 /* Set (macOS) */ = {
			isa = PBXNativeTarget;
			buildConfigurationList = 9DE789A72742A9FF008CC688 /* Build configuration list for PBXNativeTarget "Set (macOS)" */;
			buildPhases = (
				9DE7897D2742A9FF008CC688 /* Sources */,
				9DE7897E2742A9FF008CC688 /* Frameworks */,
				9DE7897F2742A9FF008CC688 /* Resources */,
			);
			buildRules = (
			);
			dependencies = (
			);
			name = "Set (macOS)";
			packageProductDependencies = (
				9DE789D22742C8F1008CC688 /* rfSwiftUI */,
			);
			productName = "Set (macOS)";
			productReference = 9DE789812742A9FF008CC688 /* Set.app */;
			productType = "com.apple.product-type.application";
		};
		9DE789872742A9FF008CC688 /* Tests iOS */ = {
			isa = PBXNativeTarget;
			buildConfigurationList = 9DE789AA2742A9FF008CC688 /* Build configuration list for PBXNativeTarget "Tests iOS" */;
			buildPhases = (
				9DE789842742A9FF008CC688 /* Sources */,
				9DE789852742A9FF008CC688 /* Frameworks */,
				9DE789862742A9FF008CC688 /* Resources */,
			);
			buildRules = (
			);
			dependencies = (
				9DE7898A2742A9FF008CC688 /* PBXTargetDependency */,
			);
			name = "Tests iOS";
			productName = "Tests iOS";
			productReference = 9DE789882742A9FF008CC688 /* Tests iOS.xctest */;
			productType = "com.apple.product-type.bundle.ui-testing";
		};
		9DE789932742A9FF008CC688 /* Tests macOS */ = {
			isa = PBXNativeTarget;
			buildConfigurationList = 9DE789AD2742A9FF008CC688 /* Build configuration list for PBXNativeTarget "Tests macOS" */;
			buildPhases = (
				9DE789902742A9FF008CC688 /* Sources */,
				9DE789912742A9FF008CC688 /* Frameworks */,
				9DE789922742A9FF008CC688 /* Resources */,
			);
			buildRules = (
			);
			dependencies = (
				9DE789962742A9FF008CC688 /* PBXTargetDependency */,
			);
			name = "Tests macOS";
			productName = "Tests macOS";
			productReference = 9DE789942742A9FF008CC688 /* Tests macOS.xctest */;
			productType = "com.apple.product-type.bundle.ui-testing";
		};
/* End PBXNativeTarget section */

/* Begin PBXProject section */
		9DE7896F2742A9FC008CC688 /* Project object */ = {
			isa = PBXProject;
			attributes = {
				BuildIndependentTargetsInParallel = 1;
				LastSwiftUpdateCheck = 1310;
				LastUpgradeCheck = 1310;
				TargetAttributes = {
					9DE7897A2742A9FF008CC688 = {
						CreatedOnToolsVersion = 13.1;
					};
					9DE789802742A9FF008CC688 = {
						CreatedOnToolsVersion = 13.1;
					};
					9DE789872742A9FF008CC688 = {
						CreatedOnToolsVersion = 13.1;
						TestTargetID = 9DE7897A2742A9FF008CC688;
					};
					9DE789932742A9FF008CC688 = {
						CreatedOnToolsVersion = 13.1;
						TestTargetID = 9DE789802742A9FF008CC688;
					};
				};
			};
			buildConfigurationList = 9DE789722742A9FC008CC688 /* Build configuration list for PBXProject "Set" */;
			compatibilityVersion = "Xcode 13.0";
			developmentRegion = en;
			hasScannedForEncodings = 0;
			knownRegions = (
				en,
				Base,
			);
			mainGroup = 9DE7896E2742A9FC008CC688;
			packageReferences = (
				9DE789CD2742C874008CC688 /* XCRemoteSwiftPackageReference "rfSwiftUI" */,
			);
			productRefGroup = 9DE7897C2742A9FF008CC688 /* Products */;
			projectDirPath = "";
			projectRoot = "";
			targets = (
				9DE789802742A9FF008CC688 /* Set (macOS) */,
				9DE7897A2742A9FF008CC688 /* Set (iOS) */,
				9DE789872742A9FF008CC688 /* Tests iOS */,
				9DE789932742A9FF008CC688 /* Tests macOS */,
			);
		};
/* End PBXProject section */

/* Begin PBXResourcesBuildPhase section */
		9DE789792742A9FF008CC688 /* Resources */ = {
			isa = PBXResourcesBuildPhase;
			buildActionMask = 2147483647;
			files = (
				9DE789A02742A9FF008CC688 /* Assets.xcassets in Resources */,
				9DE789D62742C96A008CC688 /* Seven Segment.ttf in Resources */,
			);
			runOnlyForDeploymentPostprocessing = 0;
		};
		9DE7897F2742A9FF008CC688 /* Resources */ = {
			isa = PBXResourcesBuildPhase;
			buildActionMask = 2147483647;
			files = (
				9DE789DA2742D25B008CC688 /* README.md in Resources */,
				9DE789A12742A9FF008CC688 /* Assets.xcassets in Resources */,
			);
			runOnlyForDeploymentPostprocessing = 0;
		};
		9DE789862742A9FF008CC688 /* Resources */ = {
			isa = PBXResourcesBuildPhase;
			buildActionMask = 2147483647;
			files = (
			);
			runOnlyForDeploymentPostprocessing = 0;
		};
		9DE789922742A9FF008CC688 /* Resources */ = {
			isa = PBXResourcesBuildPhase;
			buildActionMask = 2147483647;
			files = (
			);
			runOnlyForDeploymentPostprocessing = 0;
		};
/* End PBXResourcesBuildPhase section */

/* Begin PBXSourcesBuildPhase section */
		9DE789772742A9FF008CC688 /* Sources */ = {
			isa = PBXSourcesBuildPhase;
			buildActionMask = 2147483647;
			files = (
				9DE789BB2742C765008CC688 /* CardPack.swift in Sources */,
				9DE789B52742C70A008CC688 /* GameViewModel.swift in Sources */,
				9DE789C22742C7A0008CC688 /* AspectVGrid.swift in Sources */,
				9DE789BA2742C765008CC688 /* GameState.swift in Sources */,
				9DE789C52742C7A0008CC688 /* CardView.swift in Sources */,
				9DE789C42742C7A0008CC688 /* Demos.swift in Sources */,
				9DE789BD2742C788008CC688 /* SimpleTimer.swift in Sources */,
				9DE7899E2742A9FF008CC688 /* ContentView.swift in Sources */,
				9DE789C32742C7A0008CC688 /* GameView.swift in Sources */,
				9DE7899C2742A9FF008CC688 /* SetApp.swift in Sources */,
			);
			runOnlyForDeploymentPostprocessing = 0;
		};
		9DE7897D2742A9FF008CC688 /* Sources */ = {
			isa = PBXSourcesBuildPhase;
			buildActionMask = 2147483647;
			files = (
				9DE789B62742C71E008CC688 /* GameViewModel.swift in Sources */,
				9DE7899F2742A9FF008CC688 /* ContentView.swift in Sources */,
				9DE789C92742C7B9008CC688 /* AspectVGrid.swift in Sources */,
				9DE789C72742C7B2008CC688 /* GameState.swift in Sources */,
				9DE789CC2742C7C4008CC688 /* GameView.swift in Sources */,
				9DE789CB2742C7C0008CC688 /* Demos.swift in Sources */,
				9DE789C82742C7B6008CC688 /* SimpleTimer.swift in Sources */,
				9DE789C62742C7AD008CC688 /* CardPack.swift in Sources */,
				9DE789CA2742C7BC008CC688 /* CardView.swift in Sources */,
				9DE7899D2742A9FF008CC688 /* SetApp.swift in Sources */,
			);
			runOnlyForDeploymentPostprocessing = 0;
		};
		9DE789842742A9FF008CC688 /* Sources */ = {
			isa = PBXSourcesBuildPhase;
			buildActionMask = 2147483647;
			files = (
				9DE7898F2742A9FF008CC688 /* Tests_iOSLaunchTests.swift in Sources */,
				9DE7898D2742A9FF008CC688 /* Tests_iOS.swift in Sources */,
			);
			runOnlyForDeploymentPostprocessing = 0;
		};
		9DE789902742A9FF008CC688 /* Sources */ = {
			isa = PBXSourcesBuildPhase;
			buildActionMask = 2147483647;
			files = (
				9DE7899B2742A9FF008CC688 /* Tests_macOSLaunchTests.swift in Sources */,
				9DE789992742A9FF008CC688 /* Tests_macOS.swift in Sources */,
			);
			runOnlyForDeploymentPostprocessing = 0;
		};
/* End PBXSourcesBuildPhase section */

/* Begin PBXTargetDependency section */
		9DE7898A2742A9FF008CC688 /* PBXTargetDependency */ = {
			isa = PBXTargetDependency;
			target = 9DE7897A2742A9FF008CC688 /* Set (iOS) */;
			targetProxy = 9DE789892742A9FF008CC688 /* PBXContainerItemProxy */;
		};
		9DE789962742A9FF008CC688 /* PBXTargetDependency */ = {
			isa = PBXTargetDependency;
			target = 9DE789802742A9FF008CC688 /* Set (macOS) */;
			targetProxy = 9DE789952742A9FF008CC688 /* PBXContainerItemProxy */;
		};
/* End PBXTargetDependency section */

/* Begin XCBuildConfiguration section */
		9DE789A22742A9FF008CC688 /* Debug */ = {
			isa = XCBuildConfiguration;
			buildSettings = {
				ALWAYS_SEARCH_USER_PATHS = NO;
				CLANG_ANALYZER_NONNULL = YES;
				CLANG_ANALYZER_NUMBER_OBJECT_CONVERSION = YES_AGGRESSIVE;
				CLANG_CXX_LANGUAGE_STANDARD = "gnu++17";
				CLANG_CXX_LIBRARY = "libc++";
				CLANG_ENABLE_MODULES = YES;
				CLANG_ENABLE_OBJC_ARC = YES;
				CLANG_ENABLE_OBJC_WEAK = YES;
				CLANG_WARN_BLOCK_CAPTURE_AUTORELEASING = YES;
				CLANG_WARN_BOOL_CONVERSION = YES;
				CLANG_WARN_COMMA = YES;
				CLANG_WARN_CONSTANT_CONVERSION = YES;
				CLANG_WARN_DEPRECATED_OBJC_IMPLEMENTATIONS = YES;
				CLANG_WARN_DIRECT_OBJC_ISA_USAGE = YES_ERROR;
				CLANG_WARN_DOCUMENTATION_COMMENTS = YES;
				CLANG_WARN_EMPTY_BODY = YES;
				CLANG_WARN_ENUM_CONVERSION = YES;
				CLANG_WARN_INFINITE_RECURSION = YES;
				CLANG_WARN_INT_CONVERSION = YES;
				CLANG_WARN_NON_LITERAL_NULL_CONVERSION = YES;
				CLANG_WARN_OBJC_IMPLICIT_RETAIN_SELF = YES;
				CLANG_WARN_OBJC_LITERAL_CONVERSION = YES;
				CLANG_WARN_OBJC_ROOT_CLASS = YES_ERROR;
				CLANG_WARN_QUOTED_INCLUDE_IN_FRAMEWORK_HEADER = YES;
				CLANG_WARN_RANGE_LOOP_ANALYSIS = YES;
				CLANG_WARN_STRICT_PROTOTYPES = YES;
				CLANG_WARN_SUSPICIOUS_MOVE = YES;
				CLANG_WARN_UNGUARDED_AVAILABILITY = YES_AGGRESSIVE;
				CLANG_WARN_UNREACHABLE_CODE = YES;
				CLANG_WARN__DUPLICATE_METHOD_MATCH = YES;
				COPY_PHASE_STRIP = NO;
				DEBUG_INFORMATION_FORMAT = dwarf;
				ENABLE_STRICT_OBJC_MSGSEND = YES;
				ENABLE_TESTABILITY = YES;
				GCC_C_LANGUAGE_STANDARD = gnu11;
				GCC_DYNAMIC_NO_PIC = NO;
				GCC_NO_COMMON_BLOCKS = YES;
				GCC_OPTIMIZATION_LEVEL = 0;
				GCC_PREPROCESSOR_DEFINITIONS = (
					"DEBUG=1",
					"$(inherited)",
				);
				GCC_WARN_64_TO_32_BIT_CONVERSION = YES;
				GCC_WARN_ABOUT_RETURN_TYPE = YES_ERROR;
				GCC_WARN_UNDECLARED_SELECTOR = YES;
				GCC_WARN_UNINITIALIZED_AUTOS = YES_AGGRESSIVE;
				GCC_WARN_UNUSED_FUNCTION = YES;
				GCC_WARN_UNUSED_VARIABLE = YES;
				MTL_ENABLE_DEBUG_INFO = INCLUDE_SOURCE;
				MTL_FAST_MATH = YES;
				ONLY_ACTIVE_ARCH = YES;
				SWIFT_ACTIVE_COMPILATION_CONDITIONS = DEBUG;
				SWIFT_OPTIMIZATION_LEVEL = "-Onone";
			};
			name = Debug;
		};
		9DE789A32742A9FF008CC688 /* Release */ = {
			isa = XCBuildConfiguration;
			buildSettings = {
				ALWAYS_SEARCH_USER_PATHS = NO;
				CLANG_ANALYZER_NONNULL = YES;
				CLANG_ANALYZER_NUMBER_OBJECT_CONVERSION = YES_AGGRESSIVE;
				CLANG_CXX_LANGUAGE_STANDARD = "gnu++17";
				CLANG_CXX_LIBRARY = "libc++";
				CLANG_ENABLE_MODULES = YES;
				CLANG_ENABLE_OBJC_ARC = YES;
				CLANG_ENABLE_OBJC_WEAK = YES;
				CLANG_WARN_BLOCK_CAPTURE_AUTORELEASING = YES;
				CLANG_WARN_BOOL_CONVERSION = YES;
				CLANG_WARN_COMMA = YES;
				CLANG_WARN_CONSTANT_CONVERSION = YES;
				CLANG_WARN_DEPRECATED_OBJC_IMPLEMENTATIONS = YES;
				CLANG_WARN_DIRECT_OBJC_ISA_USAGE = YES_ERROR;
				CLANG_WARN_DOCUMENTATION_COMMENTS = YES;
				CLANG_WARN_EMPTY_BODY = YES;
				CLANG_WARN_ENUM_CONVERSION = YES;
				CLANG_WARN_INFINITE_RECURSION = YES;
				CLANG_WARN_INT_CONVERSION = YES;
				CLANG_WARN_NON_LITERAL_NULL_CONVERSION = YES;
				CLANG_WARN_OBJC_IMPLICIT_RETAIN_SELF = YES;
				CLANG_WARN_OBJC_LITERAL_CONVERSION = YES;
				CLANG_WARN_OBJC_ROOT_CLASS = YES_ERROR;
				CLANG_WARN_QUOTED_INCLUDE_IN_FRAMEWORK_HEADER = YES;
				CLANG_WARN_RANGE_LOOP_ANALYSIS = YES;
				CLANG_WARN_STRICT_PROTOTYPES = YES;
				CLANG_WARN_SUSPICIOUS_MOVE = YES;
				CLANG_WARN_UNGUARDED_AVAILABILITY = YES_AGGRESSIVE;
				CLANG_WARN_UNREACHABLE_CODE = YES;
				CLANG_WARN__DUPLICATE_METHOD_MATCH = YES;
				COPY_PHASE_STRIP = NO;
				DEBUG_INFORMATION_FORMAT = "dwarf-with-dsym";
				ENABLE_NS_ASSERTIONS = NO;
				ENABLE_STRICT_OBJC_MSGSEND = YES;
				GCC_C_LANGUAGE_STANDARD = gnu11;
				GCC_NO_COMMON_BLOCKS = YES;
				GCC_WARN_64_TO_32_BIT_CONVERSION = YES;
				GCC_WARN_ABOUT_RETURN_TYPE = YES_ERROR;
				GCC_WARN_UNDECLARED_SELECTOR = YES;
				GCC_WARN_UNINITIALIZED_AUTOS = YES_AGGRESSIVE;
				GCC_WARN_UNUSED_FUNCTION = YES;
				GCC_WARN_UNUSED_VARIABLE = YES;
				MTL_ENABLE_DEBUG_INFO = NO;
				MTL_FAST_MATH = YES;
				SWIFT_COMPILATION_MODE = wholemodule;
				SWIFT_OPTIMIZATION_LEVEL = "-O";
			};
			name = Release;
		};
		9DE789A52742A9FF008CC688 /* Debug */ = {
			isa = XCBuildConfiguration;
			buildSettings = {
				ASSETCATALOG_COMPILER_APPICON_NAME = AppIcon;
				ASSETCATALOG_COMPILER_GLOBAL_ACCENT_COLOR_NAME = AccentColor;
				CODE_SIGN_ENTITLEMENTS = "iOS/Set (iOS).entitlements";
				CODE_SIGN_STYLE = Automatic;
				CURRENT_PROJECT_VERSION = 1;
				DEVELOPMENT_TEAM = LHA84NAPNA;
				ENABLE_PREVIEWS = YES;
				GENERATE_INFOPLIST_FILE = YES;
				INFOPLIST_FILE = "iOS/Set--iOS--Info.plist";
				INFOPLIST_KEY_UIApplicationSceneManifest_Generation = YES;
				INFOPLIST_KEY_UIApplicationSupportsIndirectInputEvents = YES;
				INFOPLIST_KEY_UISupportedInterfaceOrientations_iPad = "UIInterfaceOrientationPortrait UIInterfaceOrientationPortraitUpsideDown UIInterfaceOrientationLandscapeLeft UIInterfaceOrientationLandscapeRight";
				INFOPLIST_KEY_UISupportedInterfaceOrientations_iPhone = "UIInterfaceOrientationPortrait UIInterfaceOrientationLandscapeLeft UIInterfaceOrientationLandscapeRight";
				IPHONEOS_DEPLOYMENT_TARGET = 15.0;
				LD_RUNPATH_SEARCH_PATHS = (
					"$(inherited)",
					"@executable_path/Frameworks",
				);
				MARKETING_VERSION = 1.0;
				PRODUCT_BUNDLE_IDENTIFIER = ch.rudifa.Set;
				PRODUCT_NAME = Set;
				SDKROOT = iphoneos;
				SUPPORTS_MACCATALYST = NO;
				SWIFT_EMIT_LOC_STRINGS = YES;
				SWIFT_VERSION = 5.0;
				TARGETED_DEVICE_FAMILY = "1,2";
			};
			name = Debug;
		};
		9DE789A62742A9FF008CC688 /* Release */ = {
			isa = XCBuildConfiguration;
			buildSettings = {
				ASSETCATALOG_COMPILER_APPICON_NAME = AppIcon;
				ASSETCATALOG_COMPILER_GLOBAL_ACCENT_COLOR_NAME = AccentColor;
				CODE_SIGN_ENTITLEMENTS = "iOS/Set (iOS).entitlements";
				CODE_SIGN_STYLE = Automatic;
				CURRENT_PROJECT_VERSION = 1;
				DEVELOPMENT_TEAM = LHA84NAPNA;
				ENABLE_PREVIEWS = YES;
				GENERATE_INFOPLIST_FILE = YES;
				INFOPLIST_FILE = "iOS/Set--iOS--Info.plist";
				INFOPLIST_KEY_UIApplicationSceneManifest_Generation = YES;
				INFOPLIST_KEY_UIApplicationSupportsIndirectInputEvents = YES;
				INFOPLIST_KEY_UISupportedInterfaceOrientations_iPad = "UIInterfaceOrientationPortrait UIInterfaceOrientationPortraitUpsideDown UIInterfaceOrientationLandscapeLeft UIInterfaceOrientationLandscapeRight";
				INFOPLIST_KEY_UISupportedInterfaceOrientations_iPhone = "UIInterfaceOrientationPortrait UIInterfaceOrientationLandscapeLeft UIInterfaceOrientationLandscapeRight";
				IPHONEOS_DEPLOYMENT_TARGET = 15.0;
				LD_RUNPATH_SEARCH_PATHS = (
					"$(inherited)",
					"@executable_path/Frameworks",
				);
				MARKETING_VERSION = 1.0;
				PRODUCT_BUNDLE_IDENTIFIER = ch.rudifa.Set;
				PRODUCT_NAME = Set;
				SDKROOT = iphoneos;
				SUPPORTS_MACCATALYST = NO;
				SWIFT_EMIT_LOC_STRINGS = YES;
				SWIFT_VERSION = 5.0;
				TARGETED_DEVICE_FAMILY = "1,2";
				VALIDATE_PRODUCT = YES;
			};
			name = Release;
		};
		9DE789A82742A9FF008CC688 /* Debug */ = {
			isa = XCBuildConfiguration;
			buildSettings = {
				ASSETCATALOG_COMPILER_APPICON_NAME = AppIcon;
				ASSETCATALOG_COMPILER_GLOBAL_ACCENT_COLOR_NAME = AccentColor;
				CODE_SIGN_ENTITLEMENTS = macOS/macOS.entitlements;
				CODE_SIGN_STYLE = Automatic;
				COMBINE_HIDPI_IMAGES = YES;
				CURRENT_PROJECT_VERSION = 1;
				DEVELOPMENT_TEAM = LHA84NAPNA;
				ENABLE_HARDENED_RUNTIME = YES;
				ENABLE_PREVIEWS = YES;
				GENERATE_INFOPLIST_FILE = YES;
				INFOPLIST_KEY_NSHumanReadableCopyright = "";
				LD_RUNPATH_SEARCH_PATHS = (
					"$(inherited)",
					"@executable_path/../Frameworks",
				);
				MACOSX_DEPLOYMENT_TARGET = 12.0;
				MARKETING_VERSION = 1.0;
				PRODUCT_BUNDLE_IDENTIFIER = ch.rudifa.Set;
				PRODUCT_NAME = Set;
				SDKROOT = macosx;
				SWIFT_EMIT_LOC_STRINGS = YES;
				SWIFT_VERSION = 5.0;
			};
			name = Debug;
		};
		9DE789A92742A9FF008CC688 /* Release */ = {
			isa = XCBuildConfiguration;
			buildSettings = {
				ASSETCATALOG_COMPILER_APPICON_NAME = AppIcon;
				ASSETCATALOG_COMPILER_GLOBAL_ACCENT_COLOR_NAME = AccentColor;
				CODE_SIGN_ENTITLEMENTS = macOS/macOS.entitlements;
				CODE_SIGN_STYLE = Automatic;
				COMBINE_HIDPI_IMAGES = YES;
				CURRENT_PROJECT_VERSION = 1;
				DEVELOPMENT_TEAM = LHA84NAPNA;
				ENABLE_HARDENED_RUNTIME = YES;
				ENABLE_PREVIEWS = YES;
				GENERATE_INFOPLIST_FILE = YES;
				INFOPLIST_KEY_NSHumanReadableCopyright = "";
				LD_RUNPATH_SEARCH_PATHS = (
					"$(inherited)",
					"@executable_path/../Frameworks",
				);
				MACOSX_DEPLOYMENT_TARGET = 12.0;
				MARKETING_VERSION = 1.0;
				PRODUCT_BUNDLE_IDENTIFIER = ch.rudifa.Set;
				PRODUCT_NAME = Set;
				SDKROOT = macosx;
				SWIFT_EMIT_LOC_STRINGS = YES;
				SWIFT_VERSION = 5.0;
			};
			name = Release;
		};
		9DE789AB2742A9FF008CC688 /* Debug */ = {
			isa = XCBuildConfiguration;
			buildSettings = {
				ALWAYS_EMBED_SWIFT_STANDARD_LIBRARIES = YES;
				CODE_SIGN_STYLE = Automatic;
				CURRENT_PROJECT_VERSION = 1;
				DEVELOPMENT_TEAM = LHA84NAPNA;
				GENERATE_INFOPLIST_FILE = YES;
				IPHONEOS_DEPLOYMENT_TARGET = 15.0;
				LD_RUNPATH_SEARCH_PATHS = (
					"$(inherited)",
					"@executable_path/Frameworks",
					"@loader_path/Frameworks",
				);
				MARKETING_VERSION = 1.0;
				PRODUCT_BUNDLE_IDENTIFIER = "ch.rudifa.Tests-iOS";
				PRODUCT_NAME = "$(TARGET_NAME)";
				SDKROOT = iphoneos;
				SWIFT_EMIT_LOC_STRINGS = NO;
				SWIFT_VERSION = 5.0;
				TARGETED_DEVICE_FAMILY = "1,2";
				TEST_TARGET_NAME = "Set (iOS)";
			};
			name = Debug;
		};
		9DE789AC2742A9FF008CC688 /* Release */ = {
			isa = XCBuildConfiguration;
			buildSettings = {
				ALWAYS_EMBED_SWIFT_STANDARD_LIBRARIES = YES;
				CODE_SIGN_STYLE = Automatic;
				CURRENT_PROJECT_VERSION = 1;
				DEVELOPMENT_TEAM = LHA84NAPNA;
				GENERATE_INFOPLIST_FILE = YES;
				IPHONEOS_DEPLOYMENT_TARGET = 15.0;
				LD_RUNPATH_SEARCH_PATHS = (
					"$(inherited)",
					"@executable_path/Frameworks",
					"@loader_path/Frameworks",
				);
				MARKETING_VERSION = 1.0;
				PRODUCT_BUNDLE_IDENTIFIER = "ch.rudifa.Tests-iOS";
				PRODUCT_NAME = "$(TARGET_NAME)";
				SDKROOT = iphoneos;
				SWIFT_EMIT_LOC_STRINGS = NO;
				SWIFT_VERSION = 5.0;
				TARGETED_DEVICE_FAMILY = "1,2";
				TEST_TARGET_NAME = "Set (iOS)";
				VALIDATE_PRODUCT = YES;
			};
			name = Release;
		};
		9DE789AE2742A9FF008CC688 /* Debug */ = {
			isa = XCBuildConfiguration;
			buildSettings = {
				ALWAYS_EMBED_SWIFT_STANDARD_LIBRARIES = YES;
				CODE_SIGN_STYLE = Automatic;
				COMBINE_HIDPI_IMAGES = YES;
				CURRENT_PROJECT_VERSION = 1;
				DEVELOPMENT_TEAM = LHA84NAPNA;
				GENERATE_INFOPLIST_FILE = YES;
				LD_RUNPATH_SEARCH_PATHS = (
					"$(inherited)",
					"@executable_path/../Frameworks",
					"@loader_path/../Frameworks",
				);
				MACOSX_DEPLOYMENT_TARGET = 12.0;
				MARKETING_VERSION = 1.0;
				PRODUCT_BUNDLE_IDENTIFIER = "ch.rudifa.Tests-macOS";
				PRODUCT_NAME = "$(TARGET_NAME)";
				SDKROOT = macosx;
				SWIFT_EMIT_LOC_STRINGS = NO;
				SWIFT_VERSION = 5.0;
				TEST_TARGET_NAME = "Set (macOS)";
			};
			name = Debug;
		};
		9DE789AF2742A9FF008CC688 /* Release */ = {
			isa = XCBuildConfiguration;
			buildSettings = {
				ALWAYS_EMBED_SWIFT_STANDARD_LIBRARIES = YES;
				CODE_SIGN_STYLE = Automatic;
				COMBINE_HIDPI_IMAGES = YES;
				CURRENT_PROJECT_VERSION = 1;
				DEVELOPMENT_TEAM = LHA84NAPNA;
				GENERATE_INFOPLIST_FILE = YES;
				LD_RUNPATH_SEARCH_PATHS = (
					"$(inherited)",
					"@executable_path/../Frameworks",
					"@loader_path/../Frameworks",
				);
				MACOSX_DEPLOYMENT_TARGET = 12.0;
				MARKETING_VERSION = 1.0;
				PRODUCT_BUNDLE_IDENTIFIER = "ch.rudifa.Tests-macOS";
				PRODUCT_NAME = "$(TARGET_NAME)";
				SDKROOT = macosx;
				SWIFT_EMIT_LOC_STRINGS = NO;
				SWIFT_VERSION = 5.0;
				TEST_TARGET_NAME = "Set (macOS)";
			};
			name = Release;
		};
/* End XCBuildConfiguration section */

/* Begin XCConfigurationList section */
		9DE789722742A9FC008CC688 /* Build configuration list for PBXProject "Set" */ = {
			isa = XCConfigurationList;
			buildConfigurations = (
				9DE789A22742A9FF008CC688 /* Debug */,
				9DE789A32742A9FF008CC688 /* Release */,
			);
			defaultConfigurationIsVisible = 0;
			defaultConfigurationName = Release;
		};
		9DE789A42742A9FF008CC688 /* Build configuration list for PBXNativeTarget "Set (iOS)" */ = {
			isa = XCConfigurationList;
			buildConfigurations = (
				9DE789A52742A9FF008CC688 /* Debug */,
				9DE789A62742A9FF008CC688 /* Release */,
			);
			defaultConfigurationIsVisible = 0;
			defaultConfigurationName = Release;
		};
		9DE789A72742A9FF008CC688 /* Build configuration list for PBXNativeTarget "Set (macOS)" */ = {
			isa = XCConfigurationList;
			buildConfigurations = (
				9DE789A82742A9FF008CC688 /* Debug */,
				9DE789A92742A9FF008CC688 /* Release */,
			);
			defaultConfigurationIsVisible = 0;
			defaultConfigurationName = Release;
		};
		9DE789AA2742A9FF008CC688 /* Build configuration list for PBXNativeTarget "Tests iOS" */ = {
			isa = XCConfigurationList;
			buildConfigurations = (
				9DE789AB2742A9FF008CC688 /* Debug */,
				9DE789AC2742A9FF008CC688 /* Release */,
			);
			defaultConfigurationIsVisible = 0;
			defaultConfigurationName = Release;
		};
		9DE789AD2742A9FF008CC688 /* Build configuration list for PBXNativeTarget "Tests macOS" */ = {
			isa = XCConfigurationList;
			buildConfigurations = (
				9DE789AE2742A9FF008CC688 /* Debug */,
				9DE789AF2742A9FF008CC688 /* Release */,
			);
			defaultConfigurationIsVisible = 0;
			defaultConfigurationName = Release;
		};
/* End XCConfigurationList section */

/* Begin XCRemoteSwiftPackageReference section */
		9DE789CD2742C874008CC688 /* XCRemoteSwiftPackageReference "rfSwiftUI" */ = {
			isa = XCRemoteSwiftPackageReference;
			repositoryURL = "https://github.com/rudifa/rfSwiftUI";
			requirement = {
				branch = main;
				kind = branch;
			};
		};
/* End XCRemoteSwiftPackageReference section */

/* Begin XCSwiftPackageProductDependency section */
		9DE789CE2742C874008CC688 /* rfSwiftUI */ = {
			isa = XCSwiftPackageProductDependency;
			package = 9DE789CD2742C874008CC688 /* XCRemoteSwiftPackageReference "rfSwiftUI" */;
			productName = rfSwiftUI;
		};
		9DE789D22742C8F1008CC688 /* rfSwiftUI */ = {
			isa = XCSwiftPackageProductDependency;
			package = 9DE789CD2742C874008CC688 /* XCRemoteSwiftPackageReference "rfSwiftUI" */;
			productName = rfSwiftUI;
		};
/* End XCSwiftPackageProductDependency section */
	};
	rootObject = 9DE7896F2742A9FC008CC688 /* Project object */;
}
